
Microsoft Visual Studio Solution File, Format Version 12.00
# Visual Studio Version 16
VisualStudioVersion = 16.0.30523.141
MinimumVisualStudioVersion = 10.0.40219.1
Project("{FAE04EC0-301F-11D3-BF4B-00C04F79EFBC}") = "ISIT310-HW5", "ISIT310-HW5\ISIT310-HW5.csproj", "{B4A5EF69-5847-4A75-864C-0BA48B5C01D8}"
EndProject
Global
	GlobalSection(SolutionConfigurationPlatforms) = preSolution
		Debug|Any CPU = Debug|Any CPU
		Release|Any CPU = Release|Any CPU
	EndGlobalSection
	GlobalSection(ProjectConfigurationPlatforms) = postSolution
		{B4A5EF69-5847-4A75-864C-0BA48B5C01D8}.Debug|Any CPU.ActiveCfg = Debug|Any CPU
		{B4A5EF69-5847-4A75-864C-0BA48B5C01D8}.Debug|Any CPU.Build.0 = Debug|Any CPU
		{B4A5EF69-5847-4A75-864C-0BA48B5C01D8}.Release|Any CPU.ActiveCfg = Release|Any CPU
		{B4A5EF69-5847-4A75-864C-0BA48B5C01D8}.Release|Any CPU.Build.0 = Release|Any CPU
	EndGlobalSection
	GlobalSection(SolutionProperties) = preSolution
		HideSolutionNode = FALSE
	EndGlobalSection
	GlobalSection(ExtensibilityGlobals) = postSolution
		SolutionGuid = {864F7039-8D98-4317-8BD5-891095195E56}
	EndGlobalSection
EndGlobal
